
Microsoft Visual Studio Solution File, Format Version 12.00
# Visual Studio Version 16
VisualStudioVersion = 16.0.31205.134
MinimumVisualStudioVersion = 10.0.40219.1
Project("{FAE04EC0-301F-11D3-BF4B-00C04F79EFBC}") = "WebService", "WebService.csproj", "{EC4521EC-DA55-4A7D-A46E-B20527FD7492}"
EndProject
Global
	GlobalSection(SolutionConfigurationPlatforms) = preSolution
		Debug|Any CPU = Debug|Any CPU
		Release|Any CPU = Release|Any CPU
	EndGlobalSection
	GlobalSection(ProjectConfigurationPlatforms) = postSolution
		{EC4521EC-DA55-4A7D-A46E-B20527FD7492}.Debug|Any CPU.ActiveCfg = Debug|Any CPU
		{EC4521EC-DA55-4A7D-A46E-B20527FD7492}.Debug|Any CPU.Build.0 = Debug|Any CPU
		{EC4521EC-DA55-4A7D-A46E-B20527FD7492}.Release|Any CPU.ActiveCfg = Release|Any CPU
		{EC4521EC-DA55-4A7D-A46E-B20527FD7492}.Release|Any CPU.Build.0 = Release|Any CPU
	EndGlobalSection
	GlobalSection(SolutionProperties) = preSolution
		HideSolutionNode = FALSE
	EndGlobalSection
	GlobalSection(ExtensibilityGlobals) = postSolution
		SolutionGuid = {AF4A3BC4-DD9D-41AB-AAE5-60D33806AF7F}
	EndGlobalSection
EndGlobal
